
Microsoft Visual Studio Solution File, Format Version 12.00
# Visual Studio Version 16
VisualStudioVersion = 16.0.32630.194
MinimumVisualStudioVersion = 10.0.40219.1
Project("{FAE04EC0-301F-11D3-BF4B-00C04F79EFBC}") = "Projeto_Calculadora", "Projeto_Calculadora\Projeto_Calculadora.csproj", "{C96E4D6E-8F8F-4DD0-A7CE-878D1BE9ABC8}"
EndProject
Global
	GlobalSection(SolutionConfigurationPlatforms) = preSolution
		Debug|Any CPU = Debug|Any CPU
		Release|Any CPU = Release|Any CPU
	EndGlobalSection
	GlobalSection(ProjectConfigurationPlatforms) = postSolution
		{C96E4D6E-8F8F-4DD0-A7CE-878D1BE9ABC8}.Debug|Any CPU.ActiveCfg = Debug|Any CPU
		{C96E4D6E-8F8F-4DD0-A7CE-878D1BE9ABC8}.Debug|Any CPU.Build.0 = Debug|Any CPU
		{C96E4D6E-8F8F-4DD0-A7CE-878D1BE9ABC8}.Release|Any CPU.ActiveCfg = Release|Any CPU
		{C96E4D6E-8F8F-4DD0-A7CE-878D1BE9ABC8}.Release|Any CPU.Build.0 = Release|Any CPU
	EndGlobalSection
	GlobalSection(SolutionProperties) = preSolution
		HideSolutionNode = FALSE
	EndGlobalSection
	GlobalSection(ExtensibilityGlobals) = postSolution
		SolutionGuid = {0EEF5E4A-F678-449B-B45B-3879D74AA7C3}
	EndGlobalSection
EndGlobal
